
Microsoft Visual Studio Solution File, Format Version 12.00
# Visual Studio 2013
VisualStudioVersion = 12.0.30110.0
MinimumVisualStudioVersion = 10.0.40219.1
Project("{FAE04EC0-301F-11D3-BF4B-00C04F79EFBC}") = "ObjectDump", "ObjectDump\ObjectDump.csproj", "{CEBA4B4A-7D60-4068-A353-C694DFB4B9C7}"
EndProject
Project("{FAE04EC0-301F-11D3-BF4B-00C04F79EFBC}") = "ObjectDumpDemo", "ObjectDumpDemo\ObjectDumpDemo.csproj", "{1398EB96-6190-40A8-B812-6A5F93D40086}"
EndProject
Global
	GlobalSection(SolutionConfigurationPlatforms) = preSolution
		Debug|Any CPU = Debug|Any CPU
		Release|Any CPU = Release|Any CPU
	EndGlobalSection
	GlobalSection(ProjectConfigurationPlatforms) = postSolution
		{CEBA4B4A-7D60-4068-A353-C694DFB4B9C7}.Debug|Any CPU.ActiveCfg = Debug|Any CPU
		{CEBA4B4A-7D60-4068-A353-C694DFB4B9C7}.Debug|Any CPU.Build.0 = Debug|Any CPU
		{CEBA4B4A-7D60-4068-A353-C694DFB4B9C7}.Release|Any CPU.ActiveCfg = Release|Any CPU
		{CEBA4B4A-7D60-4068-A353-C694DFB4B9C7}.Release|Any CPU.Build.0 = Release|Any CPU
		{1398EB96-6190-40A8-B812-6A5F93D40086}.Debug|Any CPU.ActiveCfg = Debug|Any CPU
		{1398EB96-6190-40A8-B812-6A5F93D40086}.Debug|Any CPU.Build.0 = Debug|Any CPU
		{1398EB96-6190-40A8-B812-6A5F93D40086}.Release|Any CPU.ActiveCfg = Release|Any CPU
		{1398EB96-6190-40A8-B812-6A5F93D40086}.Release|Any CPU.Build.0 = Release|Any CPU
	EndGlobalSection
	GlobalSection(SolutionProperties) = preSolution
		HideSolutionNode = FALSE
	EndGlobalSection
EndGlobal
